// !$*UTF8*$!
{
	archiveVersion = 1;
	classes = {
	};
	objectVersion = 51;
	objects = {

/* Begin PBXBuildFile section */
		1600E900CD09D3A4B5D74D57 /* Pods_Connect4.framework in Frameworks */ = {isa = PBXBuildFile; fileRef = CCCEA652897D76E9B3CC91A0 /* Pods_Connect4.framework */; };
		885926C0250CF9E400166AD9 /* GameDetailCell.swift in Sources */ = {isa = PBXBuildFile; fileRef = 885926BF250CF9E400166AD9 /* GameDetailCell.swift */; };
		885926C2250D1D2600166AD9 /* GoogleService-Info.plist in Resources */ = {isa = PBXBuildFile; fileRef = 885926C1250D1D2600166AD9 /* GoogleService-Info.plist */; };
		885926C4250D3ECC00166AD9 /* ConnectError.swift in Sources */ = {isa = PBXBuildFile; fileRef = 885926C3250D3ECC00166AD9 /* ConnectError.swift */; };
		885F2D80250C16F5005B70A8 /* UITextField+Extension.swift in Sources */ = {isa = PBXBuildFile; fileRef = 885F2D7F250C16F5005B70A8 /* UITextField+Extension.swift */; };
		885F2D89250C1EE4005B70A8 /* BoardInteractor.swift in Sources */ = {isa = PBXBuildFile; fileRef = 885F2D82250C1EE4005B70A8 /* BoardInteractor.swift */; };
		885F2D8A250C1EE4005B70A8 /* BoardLocalDataManager.swift in Sources */ = {isa = PBXBuildFile; fileRef = 885F2D83250C1EE4005B70A8 /* BoardLocalDataManager.swift */; };
		885F2D8B250C1EE4005B70A8 /* BoardPresenter.swift in Sources */ = {isa = PBXBuildFile; fileRef = 885F2D84250C1EE4005B70A8 /* BoardPresenter.swift */; };
		885F2D8C250C1EE4005B70A8 /* BoardProtocols.swift in Sources */ = {isa = PBXBuildFile; fileRef = 885F2D85250C1EE4005B70A8 /* BoardProtocols.swift */; };
		885F2D8D250C1EE4005B70A8 /* BoardRemoteDataManager.swift in Sources */ = {isa = PBXBuildFile; fileRef = 885F2D86250C1EE4005B70A8 /* BoardRemoteDataManager.swift */; };
		885F2D8E250C1EE4005B70A8 /* BoardView.swift in Sources */ = {isa = PBXBuildFile; fileRef = 885F2D87250C1EE4005B70A8 /* BoardView.swift */; };
		885F2D8F250C1EE4005B70A8 /* BoardWireFrame.swift in Sources */ = {isa = PBXBuildFile; fileRef = 885F2D88250C1EE4005B70A8 /* BoardWireFrame.swift */; };
		885F2D91250C1EFB005B70A8 /* BoardView.storyboard in Resources */ = {isa = PBXBuildFile; fileRef = 885F2D90250C1EFB005B70A8 /* BoardView.storyboard */; };
		885F2D93250C2C45005B70A8 /* View+Extension.swift in Sources */ = {isa = PBXBuildFile; fileRef = 885F2D92250C2C45005B70A8 /* View+Extension.swift */; };
		8894E7AF250BCB67003010E7 /* AppDelegate.swift in Sources */ = {isa = PBXBuildFile; fileRef = 8894E7AE250BCB67003010E7 /* AppDelegate.swift */; };
		8894E7B1250BCB67003010E7 /* SceneDelegate.swift in Sources */ = {isa = PBXBuildFile; fileRef = 8894E7B0250BCB67003010E7 /* SceneDelegate.swift */; };
		8894E7B8250BCB6C003010E7 /* Assets.xcassets in Resources */ = {isa = PBXBuildFile; fileRef = 8894E7B7250BCB6C003010E7 /* Assets.xcassets */; };
		8894E7BB250BCB6C003010E7 /* LaunchScreen.storyboard in Resources */ = {isa = PBXBuildFile; fileRef = 8894E7B9250BCB6C003010E7 /* LaunchScreen.storyboard */; };
		8894E7C6250BCB6D003010E7 /* Connect4Tests.swift in Sources */ = {isa = PBXBuildFile; fileRef = 8894E7C5250BCB6D003010E7 /* Connect4Tests.swift */; };
		8894E7D9250BCC51003010E7 /* SplashInteractor.swift in Sources */ = {isa = PBXBuildFile; fileRef = 8894E7D2250BCC51003010E7 /* SplashInteractor.swift */; };
		8894E7DA250BCC51003010E7 /* SplashLocalDataManager.swift in Sources */ = {isa = PBXBuildFile; fileRef = 8894E7D3250BCC51003010E7 /* SplashLocalDataManager.swift */; };
		8894E7DB250BCC51003010E7 /* SplashPresenter.swift in Sources */ = {isa = PBXBuildFile; fileRef = 8894E7D4250BCC51003010E7 /* SplashPresenter.swift */; };
		8894E7DC250BCC51003010E7 /* SplashProtocols.swift in Sources */ = {isa = PBXBuildFile; fileRef = 8894E7D5250BCC51003010E7 /* SplashProtocols.swift */; };
		8894E7DD250BCC51003010E7 /* SplashRemoteDataManager.swift in Sources */ = {isa = PBXBuildFile; fileRef = 8894E7D6250BCC51003010E7 /* SplashRemoteDataManager.swift */; };
		8894E7DE250BCC51003010E7 /* SplashView.swift in Sources */ = {isa = PBXBuildFile; fileRef = 8894E7D7250BCC51003010E7 /* SplashView.swift */; };
		8894E7DF250BCC51003010E7 /* SplashWireFrame.swift in Sources */ = {isa = PBXBuildFile; fileRef = 8894E7D8250BCC51003010E7 /* SplashWireFrame.swift */; };
		8894E7E1250BCC68003010E7 /* SplashView.storyboard in Resources */ = {isa = PBXBuildFile; fileRef = 8894E7E0250BCC68003010E7 /* SplashView.storyboard */; };
		8894E7EA250BD0FB003010E7 /* HomeInteractor.swift in Sources */ = {isa = PBXBuildFile; fileRef = 8894E7E3250BD0FB003010E7 /* HomeInteractor.swift */; };
		8894E7EB250BD0FB003010E7 /* HomeLocalDataManager.swift in Sources */ = {isa = PBXBuildFile; fileRef = 8894E7E4250BD0FB003010E7 /* HomeLocalDataManager.swift */; };
		8894E7EC250BD0FB003010E7 /* HomePresenter.swift in Sources */ = {isa = PBXBuildFile; fileRef = 8894E7E5250BD0FB003010E7 /* HomePresenter.swift */; };
		8894E7ED250BD0FB003010E7 /* HomeProtocols.swift in Sources */ = {isa = PBXBuildFile; fileRef = 8894E7E6250BD0FB003010E7 /* HomeProtocols.swift */; };
		8894E7EE250BD0FB003010E7 /* HomeRemoteDataManager.swift in Sources */ = {isa = PBXBuildFile; fileRef = 8894E7E7250BD0FB003010E7 /* HomeRemoteDataManager.swift */; };
		8894E7EF250BD0FB003010E7 /* HomeView.swift in Sources */ = {isa = PBXBuildFile; fileRef = 8894E7E8250BD0FB003010E7 /* HomeView.swift */; };
		8894E7F0250BD0FB003010E7 /* HomeWireFrame.swift in Sources */ = {isa = PBXBuildFile; fileRef = 8894E7E9250BD0FB003010E7 /* HomeWireFrame.swift */; };
		8894E7FA250BD33A003010E7 /* PlayerRegistrationInteractor.swift in Sources */ = {isa = PBXBuildFile; fileRef = 8894E7F3250BD33A003010E7 /* PlayerRegistrationInteractor.swift */; };
		8894E7FB250BD33A003010E7 /* PlayerRegistrationLocalDataManager.swift in Sources */ = {isa = PBXBuildFile; fileRef = 8894E7F4250BD33A003010E7 /* PlayerRegistrationLocalDataManager.swift */; };
		8894E7FC250BD33A003010E7 /* PlayerRegistrationPresenter.swift in Sources */ = {isa = PBXBuildFile; fileRef = 8894E7F5250BD33A003010E7 /* PlayerRegistrationPresenter.swift */; };
		8894E7FD250BD33A003010E7 /* PlayerRegistrationProtocols.swift in Sources */ = {isa = PBXBuildFile; fileRef = 8894E7F6250BD33A003010E7 /* PlayerRegistrationProtocols.swift */; };
		8894E7FE250BD33A003010E7 /* PlayerRegistrationRemoteDataManager.swift in Sources */ = {isa = PBXBuildFile; fileRef = 8894E7F7250BD33A003010E7 /* PlayerRegistrationRemoteDataManager.swift */; };
		8894E7FF250BD33A003010E7 /* PlayerRegistrationView.swift in Sources */ = {isa = PBXBuildFile; fileRef = 8894E7F8250BD33A003010E7 /* PlayerRegistrationView.swift */; };
		8894E800250BD33A003010E7 /* PlayerRegistrationWireFrame.swift in Sources */ = {isa = PBXBuildFile; fileRef = 8894E7F9250BD33A003010E7 /* PlayerRegistrationWireFrame.swift */; };
		8894E802250BD34D003010E7 /* PlayerRegistrationView.storyboard in Resources */ = {isa = PBXBuildFile; fileRef = 8894E801250BD34D003010E7 /* PlayerRegistrationView.storyboard */; };
		8894E80A250BD409003010E7 /* HistoryInteractor.swift in Sources */ = {isa = PBXBuildFile; fileRef = 8894E803250BD409003010E7 /* HistoryInteractor.swift */; };
		8894E80B250BD409003010E7 /* HistoryLocalDataManager.swift in Sources */ = {isa = PBXBuildFile; fileRef = 8894E804250BD409003010E7 /* HistoryLocalDataManager.swift */; };
		8894E80C250BD409003010E7 /* HistoryPresenter.swift in Sources */ = {isa = PBXBuildFile; fileRef = 8894E805250BD409003010E7 /* HistoryPresenter.swift */; };
		8894E80D250BD409003010E7 /* HistoryProtocols.swift in Sources */ = {isa = PBXBuildFile; fileRef = 8894E806250BD409003010E7 /* HistoryProtocols.swift */; };
		8894E80E250BD409003010E7 /* HistoryRemoteDataManager.swift in Sources */ = {isa = PBXBuildFile; fileRef = 8894E807250BD409003010E7 /* HistoryRemoteDataManager.swift */; };
		8894E80F250BD409003010E7 /* HistoryView.swift in Sources */ = {isa = PBXBuildFile; fileRef = 8894E808250BD409003010E7 /* HistoryView.swift */; };
		8894E810250BD409003010E7 /* HistoryWireFrame.swift in Sources */ = {isa = PBXBuildFile; fileRef = 8894E809250BD409003010E7 /* HistoryWireFrame.swift */; };
		8894E812250BD419003010E7 /* HistoryView.storyboard in Resources */ = {isa = PBXBuildFile; fileRef = 8894E811250BD419003010E7 /* HistoryView.storyboard */; };
		8894E815250BDBF2003010E7 /* Connect4Enums.swift in Sources */ = {isa = PBXBuildFile; fileRef = 8894E814250BDBF2003010E7 /* Connect4Enums.swift */; };
		8894E817250BDC1F003010E7 /* Player.swift in Sources */ = {isa = PBXBuildFile; fileRef = 8894E816250BDC1F003010E7 /* Player.swift */; };
		8894E819250BDC3B003010E7 /* Game.swift in Sources */ = {isa = PBXBuildFile; fileRef = 8894E818250BDC3B003010E7 /* Game.swift */; };
		8894E81C250BDC82003010E7 /* Date+Extension.swift in Sources */ = {isa = PBXBuildFile; fileRef = 8894E81B250BDC82003010E7 /* Date+Extension.swift */; };
		8894E81E250BDF37003010E7 /* Board.swift in Sources */ = {isa = PBXBuildFile; fileRef = 8894E81D250BDF37003010E7 /* Board.swift */; };
		8894E820250BE015003010E7 /* Constants.swift in Sources */ = {isa = PBXBuildFile; fileRef = 8894E81F250BE015003010E7 /* Constants.swift */; };
		8894E823250BE5D5003010E7 /* DataPersistance.swift in Sources */ = {isa = PBXBuildFile; fileRef = 8894E822250BE5D5003010E7 /* DataPersistance.swift */; };
		DD08BA069A47FBAB9CB5CDDE /* Pods_Connect4Tests.framework in Frameworks */ = {isa = PBXBuildFile; fileRef = 6D1733BFE0C1B2B406462AC1 /* Pods_Connect4Tests.framework */; };
/* End PBXBuildFile section */

/* Begin PBXContainerItemProxy section */
		8894E7C2250BCB6D003010E7 /* PBXContainerItemProxy */ = {
			isa = PBXContainerItemProxy;
			containerPortal = 8894E7A3250BCB67003010E7 /* Project object */;
			proxyType = 1;
			remoteGlobalIDString = 8894E7AA250BCB67003010E7;
			remoteInfo = Connect4;
		};
/* End PBXContainerItemProxy section */

/* Begin PBXFileReference section */
		425A75B538C4DF8199F525CE /* Pods-Connect4.release.xcconfig */ = {isa = PBXFileReference; includeInIndex = 1; lastKnownFileType = text.xcconfig; name = "Pods-Connect4.release.xcconfig"; path = "Target Support Files/Pods-Connect4/Pods-Connect4.release.xcconfig"; sourceTree = "<group>"; };
		6D1733BFE0C1B2B406462AC1 /* Pods_Connect4Tests.framework */ = {isa = PBXFileReference; explicitFileType = wrapper.framework; includeInIndex = 0; path = Pods_Connect4Tests.framework; sourceTree = BUILT_PRODUCTS_DIR; };
		885926BF250CF9E400166AD9 /* GameDetailCell.swift */ = {isa = PBXFileReference; lastKnownFileType = sourcecode.swift; path = GameDetailCell.swift; sourceTree = "<group>"; };
		885926C1250D1D2600166AD9 /* GoogleService-Info.plist */ = {isa = PBXFileReference; fileEncoding = 4; lastKnownFileType = text.plist.xml; path = "GoogleService-Info.plist"; sourceTree = "<group>"; };
		885926C3250D3ECC00166AD9 /* ConnectError.swift */ = {isa = PBXFileReference; lastKnownFileType = sourcecode.swift; path = ConnectError.swift; sourceTree = "<group>"; };
		885F2D7F250C16F5005B70A8 /* UITextField+Extension.swift */ = {isa = PBXFileReference; lastKnownFileType = sourcecode.swift; path = "UITextField+Extension.swift"; sourceTree = "<group>"; };
		885F2D82250C1EE4005B70A8 /* BoardInteractor.swift */ = {isa = PBXFileReference; lastKnownFileType = sourcecode.swift; path = BoardInteractor.swift; sourceTree = "<group>"; };
		885F2D83250C1EE4005B70A8 /* BoardLocalDataManager.swift */ = {isa = PBXFileReference; lastKnownFileType = sourcecode.swift; path = BoardLocalDataManager.swift; sourceTree = "<group>"; };
		885F2D84250C1EE4005B70A8 /* BoardPresenter.swift */ = {isa = PBXFileReference; lastKnownFileType = sourcecode.swift; path = BoardPresenter.swift; sourceTree = "<group>"; };
		885F2D85250C1EE4005B70A8 /* BoardProtocols.swift */ = {isa = PBXFileReference; lastKnownFileType = sourcecode.swift; path = BoardProtocols.swift; sourceTree = "<group>"; };
		885F2D86250C1EE4005B70A8 /* BoardRemoteDataManager.swift */ = {isa = PBXFileReference; lastKnownFileType = sourcecode.swift; path = BoardRemoteDataManager.swift; sourceTree = "<group>"; };
		885F2D87250C1EE4005B70A8 /* BoardView.swift */ = {isa = PBXFileReference; lastKnownFileType = sourcecode.swift; path = BoardView.swift; sourceTree = "<group>"; };
		885F2D88250C1EE4005B70A8 /* BoardWireFrame.swift */ = {isa = PBXFileReference; lastKnownFileType = sourcecode.swift; path = BoardWireFrame.swift; sourceTree = "<group>"; };
		885F2D90250C1EFB005B70A8 /* BoardView.storyboard */ = {isa = PBXFileReference; lastKnownFileType = file.storyboard; path = BoardView.storyboard; sourceTree = "<group>"; };
		885F2D92250C2C45005B70A8 /* View+Extension.swift */ = {isa = PBXFileReference; lastKnownFileType = sourcecode.swift; path = "View+Extension.swift"; sourceTree = "<group>"; };
		8894E7AB250BCB67003010E7 /* Connect4.app */ = {isa = PBXFileReference; explicitFileType = wrapper.application; includeInIndex = 0; path = Connect4.app; sourceTree = BUILT_PRODUCTS_DIR; };
		8894E7AE250BCB67003010E7 /* AppDelegate.swift */ = {isa = PBXFileReference; lastKnownFileType = sourcecode.swift; path = AppDelegate.swift; sourceTree = "<group>"; };
		8894E7B0250BCB67003010E7 /* SceneDelegate.swift */ = {isa = PBXFileReference; lastKnownFileType = sourcecode.swift; path = SceneDelegate.swift; sourceTree = "<group>"; };
		8894E7B7250BCB6C003010E7 /* Assets.xcassets */ = {isa = PBXFileReference; lastKnownFileType = folder.assetcatalog; path = Assets.xcassets; sourceTree = "<group>"; };
		8894E7BA250BCB6C003010E7 /* Base */ = {isa = PBXFileReference; lastKnownFileType = file.storyboard; name = Base; path = Base.lproj/LaunchScreen.storyboard; sourceTree = "<group>"; };
		8894E7BC250BCB6C003010E7 /* Info.plist */ = {isa = PBXFileReference; lastKnownFileType = text.plist.xml; path = Info.plist; sourceTree = "<group>"; };
		8894E7C1250BCB6D003010E7 /* Connect4Tests.xctest */ = {isa = PBXFileReference; explicitFileType = wrapper.cfbundle; includeInIndex = 0; path = Connect4Tests.xctest; sourceTree = BUILT_PRODUCTS_DIR; };
		8894E7C5250BCB6D003010E7 /* Connect4Tests.swift */ = {isa = PBXFileReference; lastKnownFileType = sourcecode.swift; path = Connect4Tests.swift; sourceTree = "<group>"; };
		8894E7C7250BCB6D003010E7 /* Info.plist */ = {isa = PBXFileReference; lastKnownFileType = text.plist.xml; path = Info.plist; sourceTree = "<group>"; };
		8894E7D2250BCC51003010E7 /* SplashInteractor.swift */ = {isa = PBXFileReference; lastKnownFileType = sourcecode.swift; path = SplashInteractor.swift; sourceTree = "<group>"; };
		8894E7D3250BCC51003010E7 /* SplashLocalDataManager.swift */ = {isa = PBXFileReference; lastKnownFileType = sourcecode.swift; path = SplashLocalDataManager.swift; sourceTree = "<group>"; };
		8894E7D4250BCC51003010E7 /* SplashPresenter.swift */ = {isa = PBXFileReference; lastKnownFileType = sourcecode.swift; path = SplashPresenter.swift; sourceTree = "<group>"; };
		8894E7D5250BCC51003010E7 /* SplashProtocols.swift */ = {isa = PBXFileReference; lastKnownFileType = sourcecode.swift; path = SplashProtocols.swift; sourceTree = "<group>"; };
		8894E7D6250BCC51003010E7 /* SplashRemoteDataManager.swift */ = {isa = PBXFileReference; lastKnownFileType = sourcecode.swift; path = SplashRemoteDataManager.swift; sourceTree = "<group>"; };
		8894E7D7250BCC51003010E7 /* SplashView.swift */ = {isa = PBXFileReference; lastKnownFileType = sourcecode.swift; path = SplashView.swift; sourceTree = "<group>"; };
		8894E7D8250BCC51003010E7 /* SplashWireFrame.swift */ = {isa = PBXFileReference; lastKnownFileType = sourcecode.swift; path = SplashWireFrame.swift; sourceTree = "<group>"; };
		8894E7E0250BCC68003010E7 /* SplashView.storyboard */ = {isa = PBXFileReference; lastKnownFileType = file.storyboard; path = SplashView.storyboard; sourceTree = "<group>"; };
		8894E7E3250BD0FB003010E7 /* HomeInteractor.swift */ = {isa = PBXFileReference; lastKnownFileType = sourcecode.swift; path = HomeInteractor.swift; sourceTree = "<group>"; };
		8894E7E4250BD0FB003010E7 /* HomeLocalDataManager.swift */ = {isa = PBXFileReference; lastKnownFileType = sourcecode.swift; path = HomeLocalDataManager.swift; sourceTree = "<group>"; };
		8894E7E5250BD0FB003010E7 /* HomePresenter.swift */ = {isa = PBXFileReference; lastKnownFileType = sourcecode.swift; path = HomePresenter.swift; sourceTree = "<group>"; };
		8894E7E6250BD0FB003010E7 /* HomeProtocols.swift */ = {isa = PBXFileReference; lastKnownFileType = sourcecode.swift; path = HomeProtocols.swift; sourceTree = "<group>"; };
		8894E7E7250BD0FB003010E7 /* HomeRemoteDataManager.swift */ = {isa = PBXFileReference; lastKnownFileType = sourcecode.swift; path = HomeRemoteDataManager.swift; sourceTree = "<group>"; };
		8894E7E8250BD0FB003010E7 /* HomeView.swift */ = {isa = PBXFileReference; lastKnownFileType = sourcecode.swift; path = HomeView.swift; sourceTree = "<group>"; };
		8894E7E9250BD0FB003010E7 /* HomeWireFrame.swift */ = {isa = PBXFileReference; lastKnownFileType = sourcecode.swift; path = HomeWireFrame.swift; sourceTree = "<group>"; };
		8894E7F3250BD33A003010E7 /* PlayerRegistrationInteractor.swift */ = {isa = PBXFileReference; lastKnownFileType = sourcecode.swift; path = PlayerRegistrationInteractor.swift; sourceTree = "<group>"; };
		8894E7F4250BD33A003010E7 /* PlayerRegistrationLocalDataManager.swift */ = {isa = PBXFileReference; lastKnownFileType = sourcecode.swift; path = PlayerRegistrationLocalDataManager.swift; sourceTree = "<group>"; };
		8894E7F5250BD33A003010E7 /* PlayerRegistrationPresenter.swift */ = {isa = PBXFileReference; lastKnownFileType = sourcecode.swift; path = PlayerRegistrationPresenter.swift; sourceTree = "<group>"; };
		8894E7F6250BD33A003010E7 /* PlayerRegistrationProtocols.swift */ = {isa = PBXFileReference; lastKnownFileType = sourcecode.swift; path = PlayerRegistrationProtocols.swift; sourceTree = "<group>"; };
		8894E7F7250BD33A003010E7 /* PlayerRegistrationRemoteDataManager.swift */ = {isa = PBXFileReference; lastKnownFileType = sourcecode.swift; path = PlayerRegistrationRemoteDataManager.swift; sourceTree = "<group>"; };
		8894E7F8250BD33A003010E7 /* PlayerRegistrationView.swift */ = {isa = PBXFileReference; lastKnownFileType = sourcecode.swift; path = PlayerRegistrationView.swift; sourceTree = "<group>"; };
		8894E7F9250BD33A003010E7 /* PlayerRegistrationWireFrame.swift */ = {isa = PBXFileReference; lastKnownFileType = sourcecode.swift; path = PlayerRegistrationWireFrame.swift; sourceTree = "<group>"; };
		8894E801250BD34D003010E7 /* PlayerRegistrationView.storyboard */ = {isa = PBXFileReference; lastKnownFileType = file.storyboard; path = PlayerRegistrationView.storyboard; sourceTree = "<group>"; };
		8894E803250BD409003010E7 /* HistoryInteractor.swift */ = {isa = PBXFileReference; lastKnownFileType = sourcecode.swift; path = HistoryInteractor.swift; sourceTree = "<group>"; };
		8894E804250BD409003010E7 /* HistoryLocalDataManager.swift */ = {isa = PBXFileReference; lastKnownFileType = sourcecode.swift; path = HistoryLocalDataManager.swift; sourceTree = "<group>"; };
		8894E805250BD409003010E7 /* HistoryPresenter.swift */ = {isa = PBXFileReference; lastKnownFileType = sourcecode.swift; path = HistoryPresenter.swift; sourceTree = "<group>"; };
		8894E806250BD409003010E7 /* HistoryProtocols.swift */ = {isa = PBXFileReference; lastKnownFileType = sourcecode.swift; path = HistoryProtocols.swift; sourceTree = "<group>"; };
		8894E807250BD409003010E7 /* HistoryRemoteDataManager.swift */ = {isa = PBXFileReference; lastKnownFileType = sourcecode.swift; path = HistoryRemoteDataManager.swift; sourceTree = "<group>"; };
		8894E808250BD409003010E7 /* HistoryView.swift */ = {isa = PBXFileReference; lastKnownFileType = sourcecode.swift; path = HistoryView.swift; sourceTree = "<group>"; };
		8894E809250BD409003010E7 /* HistoryWireFrame.swift */ = {isa = PBXFileReference; lastKnownFileType = sourcecode.swift; path = HistoryWireFrame.swift; sourceTree = "<group>"; };
		8894E811250BD419003010E7 /* HistoryView.storyboard */ = {isa = PBXFileReference; lastKnownFileType = file.storyboard; path = HistoryView.storyboard; sourceTree = "<group>"; };
		8894E814250BDBF2003010E7 /* Connect4Enums.swift */ = {isa = PBXFileReference; lastKnownFileType = sourcecode.swift; path = Connect4Enums.swift; sourceTree = "<group>"; };
		8894E816250BDC1F003010E7 /* Player.swift */ = {isa = PBXFileReference; lastKnownFileType = sourcecode.swift; path = Player.swift; sourceTree = "<group>"; };
		8894E818250BDC3B003010E7 /* Game.swift */ = {isa = PBXFileReference; lastKnownFileType = sourcecode.swift; path = Game.swift; sourceTree = "<group>"; };
		8894E81B250BDC82003010E7 /* Date+Extension.swift */ = {isa = PBXFileReference; lastKnownFileType = sourcecode.swift; path = "Date+Extension.swift"; sourceTree = "<group>"; };
		8894E81D250BDF37003010E7 /* Board.swift */ = {isa = PBXFileReference; lastKnownFileType = sourcecode.swift; path = Board.swift; sourceTree = "<group>"; };
		8894E81F250BE015003010E7 /* Constants.swift */ = {isa = PBXFileReference; lastKnownFileType = sourcecode.swift; path = Constants.swift; sourceTree = "<group>"; };
		8894E822250BE5D5003010E7 /* DataPersistance.swift */ = {isa = PBXFileReference; lastKnownFileType = sourcecode.swift; path = DataPersistance.swift; sourceTree = "<group>"; };
		A8122F757845F8EAF6C43ED0 /* Pods-Connect4Tests.release.xcconfig */ = {isa = PBXFileReference; includeInIndex = 1; lastKnownFileType = text.xcconfig; name = "Pods-Connect4Tests.release.xcconfig"; path = "Target Support Files/Pods-Connect4Tests/Pods-Connect4Tests.release.xcconfig"; sourceTree = "<group>"; };
		B21E0429A553EDA284A4CE10 /* Pods-Connect4Tests.debug.xcconfig */ = {isa = PBXFileReference; includeInIndex = 1; lastKnownFileType = text.xcconfig; name = "Pods-Connect4Tests.debug.xcconfig"; path = "Target Support Files/Pods-Connect4Tests/Pods-Connect4Tests.debug.xcconfig"; sourceTree = "<group>"; };
		CCCEA652897D76E9B3CC91A0 /* Pods_Connect4.framework */ = {isa = PBXFileReference; explicitFileType = wrapper.framework; includeInIndex = 0; path = Pods_Connect4.framework; sourceTree = BUILT_PRODUCTS_DIR; };
		D1503C9D14F6CD400D481426 /* Pods-Connect4.debug.xcconfig */ = {isa = PBXFileReference; includeInIndex = 1; lastKnownFileType = text.xcconfig; name = "Pods-Connect4.debug.xcconfig"; path = "Target Support Files/Pods-Connect4/Pods-Connect4.debug.xcconfig"; sourceTree = "<group>"; };
/* End PBXFileReference section */

/* Begin PBXFrameworksBuildPhase section */
		8894E7A8250BCB67003010E7 /* Frameworks */ = {
			isa = PBXFrameworksBuildPhase;
			buildActionMask = 2147483647;
			files = (
				1600E900CD09D3A4B5D74D57 /* Pods_Connect4.framework in Frameworks */,
			);
			runOnlyForDeploymentPostprocessing = 0;
		};
		8894E7BE250BCB6D003010E7 /* Frameworks */ = {
			isa = PBXFrameworksBuildPhase;
			buildActionMask = 2147483647;
			files = (
				DD08BA069A47FBAB9CB5CDDE /* Pods_Connect4Tests.framework in Frameworks */,
			);
			runOnlyForDeploymentPostprocessing = 0;
		};
/* End PBXFrameworksBuildPhase section */

/* Begin PBXGroup section */
		885926BE250CF9C900166AD9 /* Cells */ = {
			isa = PBXGroup;
			children = (
				885926BF250CF9E400166AD9 /* GameDetailCell.swift */,
			);
			path = Cells;
			sourceTree = "<group>";
		};
		885F2D81250C1EC6005B70A8 /* Board */ = {
			isa = PBXGroup;
			children = (
				885F2D82250C1EE4005B70A8 /* BoardInteractor.swift */,
				885F2D83250C1EE4005B70A8 /* BoardLocalDataManager.swift */,
				885F2D84250C1EE4005B70A8 /* BoardPresenter.swift */,
				885F2D85250C1EE4005B70A8 /* BoardProtocols.swift */,
				885F2D86250C1EE4005B70A8 /* BoardRemoteDataManager.swift */,
				885F2D87250C1EE4005B70A8 /* BoardView.swift */,
				885F2D88250C1EE4005B70A8 /* BoardWireFrame.swift */,
				885F2D90250C1EFB005B70A8 /* BoardView.storyboard */,
			);
			path = Board;
			sourceTree = "<group>";
		};
		8894E7A2250BCB67003010E7 = {
			isa = PBXGroup;
			children = (
				8894E7AD250BCB67003010E7 /* Connect4 */,
				8894E7C4250BCB6D003010E7 /* Connect4Tests */,
				8894E7AC250BCB67003010E7 /* Products */,
				8DBD8A9AEB7801688116378D /* Pods */,
				C5DEF196D1C6C558F8BB6672 /* Frameworks */,
			);
			sourceTree = "<group>";
		};
		8894E7AC250BCB67003010E7 /* Products */ = {
			isa = PBXGroup;
			children = (
				8894E7AB250BCB67003010E7 /* Connect4.app */,
				8894E7C1250BCB6D003010E7 /* Connect4Tests.xctest */,
			);
			name = Products;
			sourceTree = "<group>";
		};
		8894E7AD250BCB67003010E7 /* Connect4 */ = {
			isa = PBXGroup;
			children = (
				8894E821250BE5C9003010E7 /* Data */,
				8894E81A250BDC70003010E7 /* Utils */,
				8894E813250BDBCF003010E7 /* Model */,
				8894E7D0250BCC32003010E7 /* Modules */,
				8894E7AE250BCB67003010E7 /* AppDelegate.swift */,
				8894E7B0250BCB67003010E7 /* SceneDelegate.swift */,
				8894E7B7250BCB6C003010E7 /* Assets.xcassets */,
				8894E7B9250BCB6C003010E7 /* LaunchScreen.storyboard */,
				8894E7BC250BCB6C003010E7 /* Info.plist */,
				885926C1250D1D2600166AD9 /* GoogleService-Info.plist */,
			);
			path = Connect4;
			sourceTree = "<group>";
		};
		8894E7C4250BCB6D003010E7 /* Connect4Tests */ = {
			isa = PBXGroup;
			children = (
				8894E7C5250BCB6D003010E7 /* Connect4Tests.swift */,
				8894E7C7250BCB6D003010E7 /* Info.plist */,
			);
			path = Connect4Tests;
			sourceTree = "<group>";
		};
		8894E7D0250BCC32003010E7 /* Modules */ = {
			isa = PBXGroup;
			children = (
				885F2D81250C1EC6005B70A8 /* Board */,
				8894E7F2250BD2FA003010E7 /* PlayerRegistration */,
				8894E7F1250BD2F5003010E7 /* History */,
				8894E7E2250BD0AF003010E7 /* Home */,
				8894E7D1250BCC38003010E7 /* Splash */,
			);
			path = Modules;
			sourceTree = "<group>";
		};
		8894E7D1250BCC38003010E7 /* Splash */ = {
			isa = PBXGroup;
			children = (
				8894E7D2250BCC51003010E7 /* SplashInteractor.swift */,
				8894E7D3250BCC51003010E7 /* SplashLocalDataManager.swift */,
				8894E7D4250BCC51003010E7 /* SplashPresenter.swift */,
				8894E7D5250BCC51003010E7 /* SplashProtocols.swift */,
				8894E7D6250BCC51003010E7 /* SplashRemoteDataManager.swift */,
				8894E7D7250BCC51003010E7 /* SplashView.swift */,
				8894E7D8250BCC51003010E7 /* SplashWireFrame.swift */,
				8894E7E0250BCC68003010E7 /* SplashView.storyboard */,
			);
			path = Splash;
			sourceTree = "<group>";
		};
		8894E7E2250BD0AF003010E7 /* Home */ = {
			isa = PBXGroup;
			children = (
				8894E7E3250BD0FB003010E7 /* HomeInteractor.swift */,
				8894E7E4250BD0FB003010E7 /* HomeLocalDataManager.swift */,
				8894E7E5250BD0FB003010E7 /* HomePresenter.swift */,
				8894E7E6250BD0FB003010E7 /* HomeProtocols.swift */,
				8894E7E7250BD0FB003010E7 /* HomeRemoteDataManager.swift */,
				8894E7E8250BD0FB003010E7 /* HomeView.swift */,
				8894E7E9250BD0FB003010E7 /* HomeWireFrame.swift */,
			);
			path = Home;
			sourceTree = "<group>";
		};
		8894E7F1250BD2F5003010E7 /* History */ = {
			isa = PBXGroup;
			children = (
				885926BE250CF9C900166AD9 /* Cells */,
				8894E803250BD409003010E7 /* HistoryInteractor.swift */,
				8894E804250BD409003010E7 /* HistoryLocalDataManager.swift */,
				8894E805250BD409003010E7 /* HistoryPresenter.swift */,
				8894E806250BD409003010E7 /* HistoryProtocols.swift */,
				8894E807250BD409003010E7 /* HistoryRemoteDataManager.swift */,
				8894E808250BD409003010E7 /* HistoryView.swift */,
				8894E809250BD409003010E7 /* HistoryWireFrame.swift */,
				8894E811250BD419003010E7 /* HistoryView.storyboard */,
			);
			path = History;
			sourceTree = "<group>";
		};
		8894E7F2250BD2FA003010E7 /* PlayerRegistration */ = {
			isa = PBXGroup;
			children = (
				8894E7F3250BD33A003010E7 /* PlayerRegistrationInteractor.swift */,
				8894E7F4250BD33A003010E7 /* PlayerRegistrationLocalDataManager.swift */,
				8894E7F5250BD33A003010E7 /* PlayerRegistrationPresenter.swift */,
				8894E7F6250BD33A003010E7 /* PlayerRegistrationProtocols.swift */,
				8894E7F7250BD33A003010E7 /* PlayerRegistrationRemoteDataManager.swift */,
				8894E7F8250BD33A003010E7 /* PlayerRegistrationView.swift */,
				8894E7F9250BD33A003010E7 /* PlayerRegistrationWireFrame.swift */,
				8894E801250BD34D003010E7 /* PlayerRegistrationView.storyboard */,
			);
			path = PlayerRegistration;
			sourceTree = "<group>";
		};
		8894E813250BDBCF003010E7 /* Model */ = {
			isa = PBXGroup;
			children = (
				8894E814250BDBF2003010E7 /* Connect4Enums.swift */,
				8894E816250BDC1F003010E7 /* Player.swift */,
				8894E818250BDC3B003010E7 /* Game.swift */,
				8894E81D250BDF37003010E7 /* Board.swift */,
				885926C3250D3ECC00166AD9 /* ConnectError.swift */,
			);
			path = Model;
			sourceTree = "<group>";
		};
		8894E81A250BDC70003010E7 /* Utils */ = {
			isa = PBXGroup;
			children = (
				8894E81B250BDC82003010E7 /* Date+Extension.swift */,
				8894E81F250BE015003010E7 /* Constants.swift */,
				885F2D7F250C16F5005B70A8 /* UITextField+Extension.swift */,
				885F2D92250C2C45005B70A8 /* View+Extension.swift */,
			);
			path = Utils;
			sourceTree = "<group>";
		};
		8894E821250BE5C9003010E7 /* Data */ = {
			isa = PBXGroup;
			children = (
				8894E822250BE5D5003010E7 /* DataPersistance.swift */,
			);
			path = Data;
			sourceTree = "<group>";
		};
		8DBD8A9AEB7801688116378D /* Pods */ = {
			isa = PBXGroup;
			children = (
				D1503C9D14F6CD400D481426 /* Pods-Connect4.debug.xcconfig */,
				425A75B538C4DF8199F525CE /* Pods-Connect4.release.xcconfig */,
				B21E0429A553EDA284A4CE10 /* Pods-Connect4Tests.debug.xcconfig */,
				A8122F757845F8EAF6C43ED0 /* Pods-Connect4Tests.release.xcconfig */,
			);
			path = Pods;
			sourceTree = "<group>";
		};
		C5DEF196D1C6C558F8BB6672 /* Frameworks */ = {
			isa = PBXGroup;
			children = (
				CCCEA652897D76E9B3CC91A0 /* Pods_Connect4.framework */,
				6D1733BFE0C1B2B406462AC1 /* Pods_Connect4Tests.framework */,
			);
			name = Frameworks;
			sourceTree = "<group>";
		};
/* End PBXGroup section */

/* Begin PBXNativeTarget section */
		8894E7AA250BCB67003010E7 /* Connect4 */ = {
			isa = PBXNativeTarget;
			buildConfigurationList = 8894E7CA250BCB6D003010E7 /* Build configuration list for PBXNativeTarget "Connect4" */;
			buildPhases = (
				A91F6734E64F5D119E2889DF /* [CP] Check Pods Manifest.lock */,
				8894E7A7250BCB67003010E7 /* Sources */,
				8894E7A8250BCB67003010E7 /* Frameworks */,
				8894E7A9250BCB67003010E7 /* Resources */,
				13344EB8AC47043C4480FED0 /* [CP] Embed Pods Frameworks */,
			);
			buildRules = (
			);
			dependencies = (
			);
			name = Connect4;
			productName = Connect4;
			productReference = 8894E7AB250BCB67003010E7 /* Connect4.app */;
			productType = "com.apple.product-type.application";
		};
		8894E7C0250BCB6D003010E7 /* Connect4Tests */ = {
			isa = PBXNativeTarget;
			buildConfigurationList = 8894E7CD250BCB6D003010E7 /* Build configuration list for PBXNativeTarget "Connect4Tests" */;
			buildPhases = (
				758545CD4559EB3FF7C0B0EA /* [CP] Check Pods Manifest.lock */,
				8894E7BD250BCB6D003010E7 /* Sources */,
				8894E7BE250BCB6D003010E7 /* Frameworks */,
				8894E7BF250BCB6D003010E7 /* Resources */,
			);
			buildRules = (
			);
			dependencies = (
				8894E7C3250BCB6D003010E7 /* PBXTargetDependency */,
			);
			name = Connect4Tests;
			productName = Connect4Tests;
			productReference = 8894E7C1250BCB6D003010E7 /* Connect4Tests.xctest */;
			productType = "com.apple.product-type.bundle.unit-test";
		};
/* End PBXNativeTarget section */

/* Begin PBXProject section */
		8894E7A3250BCB67003010E7 /* Project object */ = {
			isa = PBXProject;
			attributes = {
				LastSwiftUpdateCheck = 1170;
				LastUpgradeCheck = 1170;
				ORGANIZATIONNAME = "Juan Arcos";
				TargetAttributes = {
					8894E7AA250BCB67003010E7 = {
						CreatedOnToolsVersion = 11.7;
					};
					8894E7C0250BCB6D003010E7 = {
						CreatedOnToolsVersion = 11.7;
						TestTargetID = 8894E7AA250BCB67003010E7;
					};
				};
			};
			buildConfigurationList = 8894E7A6250BCB67003010E7 /* Build configuration list for PBXProject "Connect4" */;
			compatibilityVersion = "Xcode 9.3";
			developmentRegion = en;
			hasScannedForEncodings = 0;
			knownRegions = (
				en,
				Base,
			);
			mainGroup = 8894E7A2250BCB67003010E7;
			productRefGroup = 8894E7AC250BCB67003010E7 /* Products */;
			projectDirPath = "";
			projectRoot = "";
			targets = (
				8894E7AA250BCB67003010E7 /* Connect4 */,
				8894E7C0250BCB6D003010E7 /* Connect4Tests */,
			);
		};
/* End PBXProject section */

/* Begin PBXResourcesBuildPhase section */
		8894E7A9250BCB67003010E7 /* Resources */ = {
			isa = PBXResourcesBuildPhase;
			buildActionMask = 2147483647;
			files = (
				8894E7BB250BCB6C003010E7 /* LaunchScreen.storyboard in Resources */,
				8894E812250BD419003010E7 /* HistoryView.storyboard in Resources */,
				885F2D91250C1EFB005B70A8 /* BoardView.storyboard in Resources */,
				8894E802250BD34D003010E7 /* PlayerRegistrationView.storyboard in Resources */,
				8894E7B8250BCB6C003010E7 /* Assets.xcassets in Resources */,
				8894E7E1250BCC68003010E7 /* SplashView.storyboard in Resources */,
				885926C2250D1D2600166AD9 /* GoogleService-Info.plist in Resources */,
			);
			runOnlyForDeploymentPostprocessing = 0;
		};
		8894E7BF250BCB6D003010E7 /* Resources */ = {
			isa = PBXResourcesBuildPhase;
			buildActionMask = 2147483647;
			files = (
			);
			runOnlyForDeploymentPostprocessing = 0;
		};
/* End PBXResourcesBuildPhase section */

/* Begin PBXShellScriptBuildPhase section */
		13344EB8AC47043C4480FED0 /* [CP] Embed Pods Frameworks */ = {
			isa = PBXShellScriptBuildPhase;
			buildActionMask = 2147483647;
			files = (
			);
			inputFileListPaths = (
				"${PODS_ROOT}/Target Support Files/Pods-Connect4/Pods-Connect4-frameworks-${CONFIGURATION}-input-files.xcfilelist",
			);
			name = "[CP] Embed Pods Frameworks";
			outputFileListPaths = (
				"${PODS_ROOT}/Target Support Files/Pods-Connect4/Pods-Connect4-frameworks-${CONFIGURATION}-output-files.xcfilelist",
			);
			runOnlyForDeploymentPostprocessing = 0;
			shellPath = /bin/sh;
			shellScript = "\"${PODS_ROOT}/Target Support Files/Pods-Connect4/Pods-Connect4-frameworks.sh\"\n";
			showEnvVarsInLog = 0;
		};
		758545CD4559EB3FF7C0B0EA /* [CP] Check Pods Manifest.lock */ = {
			isa = PBXShellScriptBuildPhase;
			buildActionMask = 2147483647;
			files = (
			);
			inputFileListPaths = (
			);
			inputPaths = (
				"${PODS_PODFILE_DIR_PATH}/Podfile.lock",
				"${PODS_ROOT}/Manifest.lock",
			);
			name = "[CP] Check Pods Manifest.lock";
			outputFileListPaths = (
			);
			outputPaths = (
				"$(DERIVED_FILE_DIR)/Pods-Connect4Tests-checkManifestLockResult.txt",
			);
			runOnlyForDeploymentPostprocessing = 0;
			shellPath = /bin/sh;
			shellScript = "diff \"${PODS_PODFILE_DIR_PATH}/Podfile.lock\" \"${PODS_ROOT}/Manifest.lock\" > /dev/null\nif [ $? != 0 ] ; then\n    # print error to STDERR\n    echo \"error: The sandbox is not in sync with the Podfile.lock. Run 'pod install' or update your CocoaPods installation.\" >&2\n    exit 1\nfi\n# This output is used by Xcode 'outputs' to avoid re-running this script phase.\necho \"SUCCESS\" > \"${SCRIPT_OUTPUT_FILE_0}\"\n";
			showEnvVarsInLog = 0;
		};
		A91F6734E64F5D119E2889DF /* [CP] Check Pods Manifest.lock */ = {
			isa = PBXShellScriptBuildPhase;
			buildActionMask = 2147483647;
			files = (
			);
			inputFileListPaths = (
			);
			inputPaths = (
				"${PODS_PODFILE_DIR_PATH}/Podfile.lock",
				"${PODS_ROOT}/Manifest.lock",
			);
			name = "[CP] Check Pods Manifest.lock";
			outputFileListPaths = (
			);
			outputPaths = (
				"$(DERIVED_FILE_DIR)/Pods-Connect4-checkManifestLockResult.txt",
			);
			runOnlyForDeploymentPostprocessing = 0;
			shellPath = /bin/sh;
			shellScript = "diff \"${PODS_PODFILE_DIR_PATH}/Podfile.lock\" \"${PODS_ROOT}/Manifest.lock\" > /dev/null\nif [ $? != 0 ] ; then\n    # print error to STDERR\n    echo \"error: The sandbox is not in sync with the Podfile.lock. Run 'pod install' or update your CocoaPods installation.\" >&2\n    exit 1\nfi\n# This output is used by Xcode 'outputs' to avoid re-running this script phase.\necho \"SUCCESS\" > \"${SCRIPT_OUTPUT_FILE_0}\"\n";
			showEnvVarsInLog = 0;
		};
/* End PBXShellScriptBuildPhase section */

/* Begin PBXSourcesBuildPhase section */
		8894E7A7250BCB67003010E7 /* Sources */ = {
			isa = PBXSourcesBuildPhase;
			buildActionMask = 2147483647;
			files = (
				8894E823250BE5D5003010E7 /* DataPersistance.swift in Sources */,
				8894E80D250BD409003010E7 /* HistoryProtocols.swift in Sources */,
				8894E7DA250BCC51003010E7 /* SplashLocalDataManager.swift in Sources */,
				8894E7AF250BCB67003010E7 /* AppDelegate.swift in Sources */,
				8894E80F250BD409003010E7 /* HistoryView.swift in Sources */,
				8894E7DF250BCC51003010E7 /* SplashWireFrame.swift in Sources */,
				885F2D8A250C1EE4005B70A8 /* BoardLocalDataManager.swift in Sources */,
				8894E80C250BD409003010E7 /* HistoryPresenter.swift in Sources */,
				8894E7EF250BD0FB003010E7 /* HomeView.swift in Sources */,
				885926C0250CF9E400166AD9 /* GameDetailCell.swift in Sources */,
				8894E7FC250BD33A003010E7 /* PlayerRegistrationPresenter.swift in Sources */,
				885F2D8F250C1EE4005B70A8 /* BoardWireFrame.swift in Sources */,
				885F2D8C250C1EE4005B70A8 /* BoardProtocols.swift in Sources */,
				8894E7EC250BD0FB003010E7 /* HomePresenter.swift in Sources */,
				8894E81C250BDC82003010E7 /* Date+Extension.swift in Sources */,
				8894E7EA250BD0FB003010E7 /* HomeInteractor.swift in Sources */,
				8894E815250BDBF2003010E7 /* Connect4Enums.swift in Sources */,
				8894E7FA250BD33A003010E7 /* PlayerRegistrationInteractor.swift in Sources */,
				8894E7FF250BD33A003010E7 /* PlayerRegistrationView.swift in Sources */,
				8894E7FE250BD33A003010E7 /* PlayerRegistrationRemoteDataManager.swift in Sources */,
				8894E7B1250BCB67003010E7 /* SceneDelegate.swift in Sources */,
				8894E7ED250BD0FB003010E7 /* HomeProtocols.swift in Sources */,
				885F2D89250C1EE4005B70A8 /* BoardInteractor.swift in Sources */,
				885F2D93250C2C45005B70A8 /* View+Extension.swift in Sources */,
				8894E7EB250BD0FB003010E7 /* HomeLocalDataManager.swift in Sources */,
				885F2D80250C16F5005B70A8 /* UITextField+Extension.swift in Sources */,
				885F2D8D250C1EE4005B70A8 /* BoardRemoteDataManager.swift in Sources */,
				8894E80B250BD409003010E7 /* HistoryLocalDataManager.swift in Sources */,
				8894E7F0250BD0FB003010E7 /* HomeWireFrame.swift in Sources */,
				8894E7DD250BCC51003010E7 /* SplashRemoteDataManager.swift in Sources */,
				8894E817250BDC1F003010E7 /* Player.swift in Sources */,
				8894E80A250BD409003010E7 /* HistoryInteractor.swift in Sources */,
				8894E7DC250BCC51003010E7 /* SplashProtocols.swift in Sources */,
				885926C4250D3ECC00166AD9 /* ConnectError.swift in Sources */,
				8894E80E250BD409003010E7 /* HistoryRemoteDataManager.swift in Sources */,
				8894E7D9250BCC51003010E7 /* SplashInteractor.swift in Sources */,
				8894E7DB250BCC51003010E7 /* SplashPresenter.swift in Sources */,
				885F2D8E250C1EE4005B70A8 /* BoardView.swift in Sources */,
				8894E7FB250BD33A003010E7 /* PlayerRegistrationLocalDataManager.swift in Sources */,
				8894E7EE250BD0FB003010E7 /* HomeRemoteDataManager.swift in Sources */,
				885F2D8B250C1EE4005B70A8 /* BoardPresenter.swift in Sources */,
				8894E819250BDC3B003010E7 /* Game.swift in Sources */,
				8894E7DE250BCC51003010E7 /* SplashView.swift in Sources */,
				8894E810250BD409003010E7 /* HistoryWireFrame.swift in Sources */,
				8894E81E250BDF37003010E7 /* Board.swift in Sources */,
				8894E7FD250BD33A003010E7 /* PlayerRegistrationProtocols.swift in Sources */,
				8894E800250BD33A003010E7 /* PlayerRegistrationWireFrame.swift in Sources */,
				8894E820250BE015003010E7 /* Constants.swift in Sources */,
			);
			runOnlyForDeploymentPostprocessing = 0;
		};
		8894E7BD250BCB6D003010E7 /* Sources */ = {
			isa = PBXSourcesBuildPhase;
			buildActionMask = 2147483647;
			files = (
				8894E7C6250BCB6D003010E7 /* Connect4Tests.swift in Sources */,
			);
			runOnlyForDeploymentPostprocessing = 0;
		};
/* End PBXSourcesBuildPhase section */

/* Begin PBXTargetDependency section */
		8894E7C3250BCB6D003010E7 /* PBXTargetDependency */ = {
			isa = PBXTargetDependency;
			target = 8894E7AA250BCB67003010E7 /* Connect4 */;
			targetProxy = 8894E7C2250BCB6D003010E7 /* PBXContainerItemProxy */;
		};
/* End PBXTargetDependency section */

/* Begin PBXVariantGroup section */
		8894E7B9250BCB6C003010E7 /* LaunchScreen.storyboard */ = {
			isa = PBXVariantGroup;
			children = (
				8894E7BA250BCB6C003010E7 /* Base */,
			);
			name = LaunchScreen.storyboard;
			sourceTree = "<group>";
		};
/* End PBXVariantGroup section */

/* Begin XCBuildConfiguration section */
		8894E7C8250BCB6D003010E7 /* Debug */ = {
			isa = XCBuildConfiguration;
			buildSettings = {
				ALWAYS_SEARCH_USER_PATHS = NO;
				CLANG_ANALYZER_NONNULL = YES;
				CLANG_ANALYZER_NUMBER_OBJECT_CONVERSION = YES_AGGRESSIVE;
				CLANG_CXX_LANGUAGE_STANDARD = "gnu++14";
				CLANG_CXX_LIBRARY = "libc++";
				CLANG_ENABLE_MODULES = YES;
				CLANG_ENABLE_OBJC_ARC = YES;
				CLANG_ENABLE_OBJC_WEAK = YES;
				CLANG_WARN_BLOCK_CAPTURE_AUTORELEASING = YES;
				CLANG_WARN_BOOL_CONVERSION = YES;
				CLANG_WARN_COMMA = YES;
				CLANG_WARN_CONSTANT_CONVERSION = YES;
				CLANG_WARN_DEPRECATED_OBJC_IMPLEMENTATIONS = YES;
				CLANG_WARN_DIRECT_OBJC_ISA_USAGE = YES_ERROR;
				CLANG_WARN_DOCUMENTATION_COMMENTS = YES;
				CLANG_WARN_EMPTY_BODY = YES;
				CLANG_WARN_ENUM_CONVERSION = YES;
				CLANG_WARN_INFINITE_RECURSION = YES;
				CLANG_WARN_INT_CONVERSION = YES;
				CLANG_WARN_NON_LITERAL_NULL_CONVERSION = YES;
				CLANG_WARN_OBJC_IMPLICIT_RETAIN_SELF = YES;
				CLANG_WARN_OBJC_LITERAL_CONVERSION = YES;
				CLANG_WARN_OBJC_ROOT_CLASS = YES_ERROR;
				CLANG_WARN_RANGE_LOOP_ANALYSIS = YES;
				CLANG_WARN_STRICT_PROTOTYPES = YES;
				CLANG_WARN_SUSPICIOUS_MOVE = YES;
				CLANG_WARN_UNGUARDED_AVAILABILITY = YES_AGGRESSIVE;
				CLANG_WARN_UNREACHABLE_CODE = YES;
				CLANG_WARN__DUPLICATE_METHOD_MATCH = YES;
				COPY_PHASE_STRIP = NO;
				DEBUG_INFORMATION_FORMAT = dwarf;
				ENABLE_STRICT_OBJC_MSGSEND = YES;
				ENABLE_TESTABILITY = YES;
				GCC_C_LANGUAGE_STANDARD = gnu11;
				GCC_DYNAMIC_NO_PIC = NO;
				GCC_NO_COMMON_BLOCKS = YES;
				GCC_OPTIMIZATION_LEVEL = 0;
				GCC_PREPROCESSOR_DEFINITIONS = (
					"DEBUG=1",
					"$(inherited)",
				);
				GCC_WARN_64_TO_32_BIT_CONVERSION = YES;
				GCC_WARN_ABOUT_RETURN_TYPE = YES_ERROR;
				GCC_WARN_UNDECLARED_SELECTOR = YES;
				GCC_WARN_UNINITIALIZED_AUTOS = YES_AGGRESSIVE;
				GCC_WARN_UNUSED_FUNCTION = YES;
				GCC_WARN_UNUSED_VARIABLE = YES;
				IPHONEOS_DEPLOYMENT_TARGET = 13.7;
				MTL_ENABLE_DEBUG_INFO = INCLUDE_SOURCE;
				MTL_FAST_MATH = YES;
				ONLY_ACTIVE_ARCH = YES;
				SDKROOT = iphoneos;
				SWIFT_ACTIVE_COMPILATION_CONDITIONS = DEBUG;
				SWIFT_OPTIMIZATION_LEVEL = "-Onone";
			};
			name = Debug;
		};
		8894E7C9250BCB6D003010E7 /* Release */ = {
			isa = XCBuildConfiguration;
			buildSettings = {
				ALWAYS_SEARCH_USER_PATHS = NO;
				CLANG_ANALYZER_NONNULL = YES;
				CLANG_ANALYZER_NUMBER_OBJECT_CONVERSION = YES_AGGRESSIVE;
				CLANG_CXX_LANGUAGE_STANDARD = "gnu++14";
				CLANG_CXX_LIBRARY = "libc++";
				CLANG_ENABLE_MODULES = YES;
				CLANG_ENABLE_OBJC_ARC = YES;
				CLANG_ENABLE_OBJC_WEAK = YES;
				CLANG_WARN_BLOCK_CAPTURE_AUTORELEASING = YES;
				CLANG_WARN_BOOL_CONVERSION = YES;
				CLANG_WARN_COMMA = YES;
				CLANG_WARN_CONSTANT_CONVERSION = YES;
				CLANG_WARN_DEPRECATED_OBJC_IMPLEMENTATIONS = YES;
				CLANG_WARN_DIRECT_OBJC_ISA_USAGE = YES_ERROR;
				CLANG_WARN_DOCUMENTATION_COMMENTS = YES;
				CLANG_WARN_EMPTY_BODY = YES;
				CLANG_WARN_ENUM_CONVERSION = YES;
				CLANG_WARN_INFINITE_RECURSION = YES;
				CLANG_WARN_INT_CONVERSION = YES;
				CLANG_WARN_NON_LITERAL_NULL_CONVERSION = YES;
				CLANG_WARN_OBJC_IMPLICIT_RETAIN_SELF = YES;
				CLANG_WARN_OBJC_LITERAL_CONVERSION = YES;
				CLANG_WARN_OBJC_ROOT_CLASS = YES_ERROR;
				CLANG_WARN_RANGE_LOOP_ANALYSIS = YES;
				CLANG_WARN_STRICT_PROTOTYPES = YES;
				CLANG_WARN_SUSPICIOUS_MOVE = YES;
				CLANG_WARN_UNGUARDED_AVAILABILITY = YES_AGGRESSIVE;
				CLANG_WARN_UNREACHABLE_CODE = YES;
				CLANG_WARN__DUPLICATE_METHOD_MATCH = YES;
				COPY_PHASE_STRIP = NO;
				DEBUG_INFORMATION_FORMAT = "dwarf-with-dsym";
				ENABLE_NS_ASSERTIONS = NO;
				ENABLE_STRICT_OBJC_MSGSEND = YES;
				GCC_C_LANGUAGE_STANDARD = gnu11;
				GCC_NO_COMMON_BLOCKS = YES;
				GCC_WARN_64_TO_32_BIT_CONVERSION = YES;
				GCC_WARN_ABOUT_RETURN_TYPE = YES_ERROR;
				GCC_WARN_UNDECLARED_SELECTOR = YES;
				GCC_WARN_UNINITIALIZED_AUTOS = YES_AGGRESSIVE;
				GCC_WARN_UNUSED_FUNCTION = YES;
				GCC_WARN_UNUSED_VARIABLE = YES;
				IPHONEOS_DEPLOYMENT_TARGET = 13.7;
				MTL_ENABLE_DEBUG_INFO = NO;
				MTL_FAST_MATH = YES;
				SDKROOT = iphoneos;
				SWIFT_COMPILATION_MODE = wholemodule;
				SWIFT_OPTIMIZATION_LEVEL = "-O";
				VALIDATE_PRODUCT = YES;
			};
			name = Release;
		};
		8894E7CB250BCB6D003010E7 /* Debug */ = {
			isa = XCBuildConfiguration;
			baseConfigurationReference = D1503C9D14F6CD400D481426 /* Pods-Connect4.debug.xcconfig */;
			buildSettings = {
				ASSETCATALOG_COMPILER_APPICON_NAME = AppIcon;
				CODE_SIGN_STYLE = Automatic;
				DEVELOPMENT_TEAM = A4ZE6AACZL;
				INFOPLIST_FILE = Connect4/Info.plist;
				LD_RUNPATH_SEARCH_PATHS = (
					"$(inherited)",
					"@executable_path/Frameworks",
				);
				PRODUCT_BUNDLE_IDENTIFIER = mx.com.Connect4;
				PRODUCT_NAME = "$(TARGET_NAME)";
				SWIFT_VERSION = 5.0;
				TARGETED_DEVICE_FAMILY = "1,2";
			};
			name = Debug;
		};
		8894E7CC250BCB6D003010E7 /* Release */ = {
			isa = XCBuildConfiguration;
			baseConfigurationReference = 425A75B538C4DF8199F525CE /* Pods-Connect4.release.xcconfig */;
			buildSettings = {
				ASSETCATALOG_COMPILER_APPICON_NAME = AppIcon;
				CODE_SIGN_STYLE = Automatic;
				DEVELOPMENT_TEAM = A4ZE6AACZL;
				INFOPLIST_FILE = Connect4/Info.plist;
				LD_RUNPATH_SEARCH_PATHS = (
					"$(inherited)",
					"@executable_path/Frameworks",
				);
				PRODUCT_BUNDLE_IDENTIFIER = mx.com.Connect4;
				PRODUCT_NAME = "$(TARGET_NAME)";
				SWIFT_VERSION = 5.0;
				TARGETED_DEVICE_FAMILY = "1,2";
			};
			name = Release;
		};
		8894E7CE250BCB6D003010E7 /* Debug */ = {
			isa = XCBuildConfiguration;
			baseConfigurationReference = B21E0429A553EDA284A4CE10 /* Pods-Connect4Tests.debug.xcconfig */;
			buildSettings = {
				ALWAYS_EMBED_SWIFT_STANDARD_LIBRARIES = YES;
				BUNDLE_LOADER = "$(TEST_HOST)";
				CODE_SIGN_STYLE = Automatic;
				DEVELOPMENT_TEAM = A4ZE6AACZL;
				INFOPLIST_FILE = Connect4Tests/Info.plist;
				IPHONEOS_DEPLOYMENT_TARGET = 13.7;
				LD_RUNPATH_SEARCH_PATHS = (
					"$(inherited)",
					"@executable_path/Frameworks",
					"@loader_path/Frameworks",
				);
				PRODUCT_BUNDLE_IDENTIFIER = mx.com.Connect4Tests;
				PRODUCT_NAME = "$(TARGET_NAME)";
				SWIFT_VERSION = 5.0;
				TARGETED_DEVICE_FAMILY = "1,2";
				TEST_HOST = "$(BUILT_PRODUCTS_DIR)/Connect4.app/Connect4";
			};
			name = Debug;
		};
		8894E7CF250BCB6D003010E7 /* Release */ = {
			isa = XCBuildConfiguration;
			baseConfigurationReference = A8122F757845F8EAF6C43ED0 /* Pods-Connect4Tests.release.xcconfig */;
			buildSettings = {
				ALWAYS_EMBED_SWIFT_STANDARD_LIBRARIES = YES;
				BUNDLE_LOADER = "$(TEST_HOST)";
				CODE_SIGN_STYLE = Automatic;
				DEVELOPMENT_TEAM = A4ZE6AACZL;
				INFOPLIST_FILE = Connect4Tests/Info.plist;
				IPHONEOS_DEPLOYMENT_TARGET = 13.7;
				LD_RUNPATH_SEARCH_PATHS = (
					"$(inherited)",
					"@executable_path/Frameworks",
					"@loader_path/Frameworks",
				);
				PRODUCT_BUNDLE_IDENTIFIER = mx.com.Connect4Tests;
				PRODUCT_NAME = "$(TARGET_NAME)";
				SWIFT_VERSION = 5.0;
				TARGETED_DEVICE_FAMILY = "1,2";
				TEST_HOST = "$(BUILT_PRODUCTS_DIR)/Connect4.app/Connect4";
			};
			name = Release;
		};
/* End XCBuildConfiguration section */

/* Begin XCConfigurationList section */
		8894E7A6250BCB67003010E7 /* Build configuration list for PBXProject "Connect4" */ = {
			isa = XCConfigurationList;
			buildConfigurations = (
				8894E7C8250BCB6D003010E7 /* Debug */,
				8894E7C9250BCB6D003010E7 /* Release */,
			);
			defaultConfigurationIsVisible = 0;
			defaultConfigurationName = Release;
		};
		8894E7CA250BCB6D003010E7 /* Build configuration list for PBXNativeTarget "Connect4" */ = {
			isa = XCConfigurationList;
			buildConfigurations = (
				8894E7CB250BCB6D003010E7 /* Debug */,
				8894E7CC250BCB6D003010E7 /* Release */,
			);
			defaultConfigurationIsVisible = 0;
			defaultConfigurationName = Release;
		};
		8894E7CD250BCB6D003010E7 /* Build configuration list for PBXNativeTarget "Connect4Tests" */ = {
			isa = XCConfigurationList;
			buildConfigurations = (
				8894E7CE250BCB6D003010E7 /* Debug */,
				8894E7CF250BCB6D003010E7 /* Release */,
			);
			defaultConfigurationIsVisible = 0;
			defaultConfigurationName = Release;
		};
/* End XCConfigurationList section */
	};
	rootObject = 8894E7A3250BCB67003010E7 /* Project object */;
}
